schema: '2.0'
stages:
  preprocess:
    cmd: python src/preprocess.py --input data/raw/aclImdb/train --output data/processed/imdb_clean.csv
    deps:
    - path: data/raw/aclImdb/train
      hash: md5
      md5: eadada53eddeabcda309f0e037a87972.dir
      size: 165684513
      nfiles: 75005
    - path: src/preprocess.py
      hash: md5
      md5: 5906e7c4c253369e6ed008b545ab7d57
      size: 741
    outs:
    - path: data/processed/imdb_clean.csv
      hash: md5
      md5: 48c885d42257a3ce2f1893639c9aa5ac
      size: 33347118
  train:
    cmd: python src/train.py --data data/processed/imdb_clean.csv --model artifacts/model.pkl
    deps:
    - path: data/processed/imdb_clean.csv
      hash: md5
      md5: 48c885d42257a3ce2f1893639c9aa5ac
      size: 33347118
    - path: src/train.py
      hash: md5
      md5: bc3dd207b598556b98225a804502447a
      size: 903
    outs:
    - path: artifacts/model.pkl
      hash: md5
      md5: 424746000c5d5e9eb58df3c46c8f7a5b
      size: 932446
  evaluate:
    cmd: python src/evaluate.py --data data/processed/imdb_clean.csv --model artifacts/model.pkl
      --metrics artifacts/metrics.json
    deps:
    - path: artifacts/model.pkl
      hash: md5
      md5: 424746000c5d5e9eb58df3c46c8f7a5b
      size: 932446
    - path: data/processed/imdb_clean.csv
      hash: md5
      md5: 48c885d42257a3ce2f1893639c9aa5ac
      size: 33347118
    - path: src/evaluate.py
      hash: md5
      md5: ba41e9eeef3e646b5fd327308d6aca59
      size: 888
    outs:
    - path: artifacts/metrics.json
      hash: md5
      md5: adf80be7ad598f7cbb1bae1fc2a1d231
      size: 20
